
Microsoft Visual Studio Solution File, Format Version 12.00
Project("{FAE04EC0-301F-11D3-BF4B-00C04F79EFBC}") = "ConsoleWebsite", "ConsoleWebsite\ConsoleWebsite.csproj", "{C92119E4-F24B-4268-8496-C6E81961C35D}"
EndProject
Project("{FAE04EC0-301F-11D3-BF4B-00C04F79EFBC}") = "ConsoleWebsite.Tests", "ConsoleWebsite.Tests\ConsoleWebsite.Tests.csproj", "{12AA5C32-7D8E-4D95-9031-1F1409A96126}"
EndProject
Project("{FAE04EC0-301F-11D3-BF4B-00C04F79EFBC}") = "TestData", "TestData\TestData.csproj", "{E459531A-89E7-47AB-A499-B37D7FA24212}"
EndProject
Global
	GlobalSection(SolutionConfigurationPlatforms) = preSolution
		Debug|Any CPU = Debug|Any CPU
		Release|Any CPU = Release|Any CPU
	EndGlobalSection
	GlobalSection(ProjectConfigurationPlatforms) = postSolution
		{C92119E4-F24B-4268-8496-C6E81961C35D}.Debug|Any CPU.ActiveCfg = Debug|Any CPU
		{C92119E4-F24B-4268-8496-C6E81961C35D}.Debug|Any CPU.Build.0 = Debug|Any CPU
		{C92119E4-F24B-4268-8496-C6E81961C35D}.Release|Any CPU.ActiveCfg = Release|Any CPU
		{C92119E4-F24B-4268-8496-C6E81961C35D}.Release|Any CPU.Build.0 = Release|Any CPU
		{12AA5C32-7D8E-4D95-9031-1F1409A96126}.Debug|Any CPU.ActiveCfg = Debug|Any CPU
		{12AA5C32-7D8E-4D95-9031-1F1409A96126}.Debug|Any CPU.Build.0 = Debug|Any CPU
		{12AA5C32-7D8E-4D95-9031-1F1409A96126}.Release|Any CPU.ActiveCfg = Release|Any CPU
		{12AA5C32-7D8E-4D95-9031-1F1409A96126}.Release|Any CPU.Build.0 = Release|Any CPU
		{E459531A-89E7-47AB-A499-B37D7FA24212}.Debug|Any CPU.ActiveCfg = Debug|Any CPU
		{E459531A-89E7-47AB-A499-B37D7FA24212}.Debug|Any CPU.Build.0 = Debug|Any CPU
		{E459531A-89E7-47AB-A499-B37D7FA24212}.Release|Any CPU.ActiveCfg = Release|Any CPU
		{E459531A-89E7-47AB-A499-B37D7FA24212}.Release|Any CPU.Build.0 = Release|Any CPU
	EndGlobalSection
EndGlobal
